hash: 09980f426fb9edf3858e47e9f47081414fac8d9227d9da325a71af77341cbff3
updated: 2016-07-08T13:05:34.398231835-04:00
imports:
- name: github.com/cloudfoundry/cli
  version: 32ef774890eb79809f14362a294209ff80dd2f0d
  subpackages:
  - plugin
  - plugin/models
- name: github.com/krujos/cfcurl
  version: 320854091a119f220102ba356e507c361562b221
- name: github.com/mattn/go-runewidth
  version: d6bea18f789704b5f83375793155289da36a3c7f
- name: github.com/olekukonko/tablewriter
  version: daf2955e742cf123959884fdff4685aa79b63135
- name: github.com/onsi/ginkgo
  version: 16c38793d41b07a5f9ae77d573af7836a994bf27
- name: github.com/onsi/gomega
  version: 82a02eccf12c018071eef42fbb701c0db6f1e3db
- name: github.com/op/go-logging
  version: 970db520ece77730c7e4724c61121037378659d9
- name: github.com/patrickmn/sortutil
  version: abeda66eb583fac2d8d98d3d2e6fbd5c67af7947
- name: github.com/pivotalservices/diego-blame
  version: 596fc33c29c8133b398235363db991e2a35fa9e7
  subpackages:
  - blameplugin
- name: github.com/xchapter7x/lo
  version: aa2602d0e8e8647f0ce7b53109b37040941915aa
- name: gopkg.in/yaml.v2
  version: a83829b6f1293c91addabc89d0571c246397bbf4
devImports: []
